
Microsoft Visual Studio Solution File, Format Version 12.00
# Visual Studio Version 17
VisualStudioVersion = 17.7.34009.444
MinimumVisualStudioVersion = 10.0.40219.1
Project("{FAE04EC0-301F-11D3-BF4B-00C04F79EFBC}") = "RedisScanBigKey", "RedisScanBigKey\RedisScanBigKey.csproj", "{35855E17-CF9D-45D2-8738-5F35DBD5E070}"
EndProject
Global
	GlobalSection(SolutionConfigurationPlatforms) = preSolution
		Debug|Any CPU = Debug|Any CPU
		Release|Any CPU = Release|Any CPU
	EndGlobalSection
	GlobalSection(ProjectConfigurationPlatforms) = postSolution
		{35855E17-CF9D-45D2-8738-5F35DBD5E070}.Debug|Any CPU.ActiveCfg = Debug|Any CPU
		{35855E17-CF9D-45D2-8738-5F35DBD5E070}.Debug|Any CPU.Build.0 = Debug|Any CPU
		{35855E17-CF9D-45D2-8738-5F35DBD5E070}.Release|Any CPU.ActiveCfg = Release|Any CPU
		{35855E17-CF9D-45D2-8738-5F35DBD5E070}.Release|Any CPU.Build.0 = Release|Any CPU
	EndGlobalSection
	GlobalSection(SolutionProperties) = preSolution
		HideSolutionNode = FALSE
	EndGlobalSection
	GlobalSection(ExtensibilityGlobals) = postSolution
		SolutionGuid = {E415B013-0855-4F1E-BA48-95C2337FB33C}
	EndGlobalSection
EndGlobal
